// !$*UTF8*$!
{
	archiveVersion = 1;
	classes = {
	};
	objectVersion = 46;
	objects = {

/* Begin PBXBuildFile section */
		6F27F4DD1527B42900E60D94 /* UIKit.framework in Frameworks */ = {isa = PBXBuildFile; fileRef = 6F27F4DC1527B42900E60D94 /* UIKit.framework */; };
		6F27F4DF1527B42900E60D94 /* Foundation.framework in Frameworks */ = {isa = PBXBuildFile; fileRef = 6F27F4DE1527B42900E60D94 /* Foundation.framework */; };
		6F27F4E11527B42900E60D94 /* CoreGraphics.framework in Frameworks */ = {isa = PBXBuildFile; fileRef = 6F27F4E01527B42900E60D94 /* CoreGraphics.framework */; };
		6F27F4E71527B42900E60D94 /* InfoPlist.strings in Resources */ = {isa = PBXBuildFile; fileRef = 6F27F4E51527B42900E60D94 /* InfoPlist.strings */; };
		6F27F4E91527B42900E60D94 /* main.m in Sources */ = {isa = PBXBuildFile; fileRef = 6F27F4E81527B42900E60D94 /* main.m */; };
		6F27F4ED1527B42900E60D94 /* PsychologistAppDelegate.m in Sources */ = {isa = PBXBuildFile; fileRef = 6F27F4EC1527B42900E60D94 /* PsychologistAppDelegate.m */; };
		6F27F4F01527B42900E60D94 /* MainStoryboard.storyboard in Resources */ = {isa = PBXBuildFile; fileRef = 6F27F4EE1527B42900E60D94 /* MainStoryboard.storyboard */; };
		6F27F4F31527B42900E60D94 /* PsychologistViewController.m in Sources */ = {isa = PBXBuildFile; fileRef = 6F27F4F21527B42900E60D94 /* PsychologistViewController.m */; };
		6F27F4FD1527BAA300E60D94 /* FaceView.m in Sources */ = {isa = PBXBuildFile; fileRef = 6F27F4FA1527BAA300E60D94 /* FaceView.m */; };
		6F27F4FE1527BAA300E60D94 /* HappinessViewController.m in Sources */ = {isa = PBXBuildFile; fileRef = 6F27F4FC1527BAA300E60D94 /* HappinessViewController.m */; };
/* End PBXBuildFile section */

/* Begin PBXFileReference section */
		6F27F4D81527B42900E60D94 /* Psychologist.app */ = {isa = PBXFileReference; explicitFileType = wrapper.application; includeInIndex = 0; path = Psychologist.app; sourceTree = BUILT_PRODUCTS_DIR; };
		6F27F4DC1527B42900E60D94 /* UIKit.framework */ = {isa = PBXFileReference; lastKnownFileType = wrapper.framework; name = UIKit.framework; path = System/Library/Frameworks/UIKit.framework; sourceTree = SDKROOT; };
		6F27F4DE1527B42900E60D94 /* Foundation.framework */ = {isa = PBXFileReference; lastKnownFileType = wrapper.framework; name = Foundation.framework; path = System/Library/Frameworks/Foundation.framework; sourceTree = SDKROOT; };
		6F27F4E01527B42900E60D94 /* CoreGraphics.framework */ = {isa = PBXFileReference; lastKnownFileType = wrapper.framework; name = CoreGraphics.framework; path = System/Library/Frameworks/CoreGraphics.framework; sourceTree = SDKROOT; };
		6F27F4E41527B42900E60D94 /* Psychologist-Info.plist */ = {isa = PBXFileReference; lastKnownFileType = text.plist.xml; path = "Psychologist-Info.plist"; sourceTree = "<group>"; };
		6F27F4E61527B42900E60D94 /* en */ = {isa = PBXFileReference; lastKnownFileType = text.plist.strings; name = en; path = en.lproj/InfoPlist.strings; sourceTree = "<group>"; };
		6F27F4E81527B42900E60D94 /* main.m */ = {isa = PBXFileReference; lastKnownFileType = sourcecode.c.objc; path = main.m; sourceTree = "<group>"; };
		6F27F4EA1527B42900E60D94 /* Psychologist-Prefix.pch */ = {isa = PBXFileReference; lastKnownFileType = sourcecode.c.h; path = "Psychologist-Prefix.pch"; sourceTree = "<group>"; };
		6F27F4EB1527B42900E60D94 /* PsychologistAppDelegate.h */ = {isa = PBXFileReference; lastKnownFileType = sourcecode.c.h; path = PsychologistAppDelegate.h; sourceTree = "<group>"; };
		6F27F4EC1527B42900E60D94 /* PsychologistAppDelegate.m */ = {isa = PBXFileReference; lastKnownFileType = sourcecode.c.objc; path = PsychologistAppDelegate.m; sourceTree = "<group>"; };
		6F27F4EF1527B42900E60D94 /* en */ = {isa = PBXFileReference; lastKnownFileType = file.storyboard; name = en; path = en.lproj/MainStoryboard.storyboard; sourceTree = "<group>"; };
		6F27F4F11527B42900E60D94 /* PsychologistViewController.h */ = {isa = PBXFileReference; lastKnownFileType = sourcecode.c.h; path = PsychologistViewController.h; sourceTree = "<group>"; };
		6F27F4F21527B42900E60D94 /* PsychologistViewController.m */ = {isa = PBXFileReference; lastKnownFileType = sourcecode.c.objc; path = PsychologistViewController.m; sourceTree = "<group>"; };
		6F27F4F91527BAA300E60D94 /* FaceView.h */ = {isa = PBXFileReference; fileEncoding = 4; lastKnownFileType = sourcecode.c.h; path = FaceView.h; sourceTree = "<group>"; };
		6F27F4FA1527BAA300E60D94 /* FaceView.m */ = {isa = PBXFileReference; fileEncoding = 4; lastKnownFileType = sourcecode.c.objc; path = FaceView.m; sourceTree = "<group>"; };
		6F27F4FB1527BAA300E60D94 /* HappinessViewController.h */ = {isa = PBXFileReference; fileEncoding = 4; lastKnownFileType = sourcecode.c.h; path = HappinessViewController.h; sourceTree = "<group>"; };
		6F27F4FC1527BAA300E60D94 /* HappinessViewController.m */ = {isa = PBXFileReference; fileEncoding = 4; lastKnownFileType = sourcecode.c.objc; path = HappinessViewController.m; sourceTree = "<group>"; };
/* End PBXFileReference section */

/* Begin PBXFrameworksBuildPhase section */
		6F27F4D51527B42900E60D94 /* Frameworks */ = {
			isa = PBXFrameworksBuildPhase;
			buildActionMask = 2147483647;
			files = (
				6F27F4DD1527B42900E60D94 /* UIKit.framework in Frameworks */,
				6F27F4DF1527B42900E60D94 /* Foundation.framework in Frameworks */,
				6F27F4E11527B42900E60D94 /* CoreGraphics.framework in Frameworks */,
			);
			runOnlyForDeploymentPostprocessing = 0;
		};
/* End PBXFrameworksBuildPhase section */

/* Begin PBXGroup section */
		6F27F4CD1527B42900E60D94 = {
			isa = PBXGroup;
			children = (
				6F27F4E21527B42900E60D94 /* Psychologist */,
				6F27F4DB1527B42900E60D94 /* Frameworks */,
				6F27F4D91527B42900E60D94 /* Products */,
			);
			sourceTree = "<group>";
		};
		6F27F4D91527B42900E60D94 /* Products */ = {
			isa = PBXGroup;
			children = (
				6F27F4D81527B42900E60D94 /* Psychologist.app */,
			);
			name = Products;
			sourceTree = "<group>";
		};
		6F27F4DB1527B42900E60D94 /* Frameworks */ = {
			isa = PBXGroup;
			children = (
				6F27F4DC1527B42900E60D94 /* UIKit.framework */,
				6F27F4DE1527B42900E60D94 /* Foundation.framework */,
				6F27F4E01527B42900E60D94 /* CoreGraphics.framework */,
			);
			name = Frameworks;
			sourceTree = "<group>";
		};
		6F27F4E21527B42900E60D94 /* Psychologist */ = {
			isa = PBXGroup;
			children = (
				6F27F4F91527BAA300E60D94 /* FaceView.h */,
				6F27F4FA1527BAA300E60D94 /* FaceView.m */,
				6F27F4FB1527BAA300E60D94 /* HappinessViewController.h */,
				6F27F4FC1527BAA300E60D94 /* HappinessViewController.m */,
				6F27F4EB1527B42900E60D94 /* PsychologistAppDelegate.h */,
				6F27F4EC1527B42900E60D94 /* PsychologistAppDelegate.m */,
				6F27F4EE1527B42900E60D94 /* MainStoryboard.storyboard */,
				6F27F4F11527B42900E60D94 /* PsychologistViewController.h */,
				6F27F4F21527B42900E60D94 /* PsychologistViewController.m */,
				6F27F4E31527B42900E60D94 /* Supporting Files */,
			);
			path = Psychologist;
			sourceTree = "<group>";
		};
		6F27F4E31527B42900E60D94 /* Supporting Files */ = {
			isa = PBXGroup;
			children = (
				6F27F4E41527B42900E60D94 /* Psychologist-Info.plist */,
				6F27F4E51527B42900E60D94 /* InfoPlist.strings */,
				6F27F4E81527B42900E60D94 /* main.m */,
				6F27F4EA1527B42900E60D94 /* Psychologist-Prefix.pch */,
			);
			name = "Supporting Files";
			sourceTree = "<group>";
		};
/* End PBXGroup section */

/* Begin PBXNativeTarget section */
		6F27F4D71527B42900E60D94 /* Psychologist */ = {
			isa = PBXNativeTarget;
			buildConfigurationList = 6F27F4F61527B42900E60D94 /* Build configuration list for PBXNativeTarget "Psychologist" */;
			buildPhases = (
				6F27F4D41527B42900E60D94 /* Sources */,
				6F27F4D51527B42900E60D94 /* Frameworks */,
				6F27F4D61527B42900E60D94 /* Resources */,
			);
			buildRules = (
			);
			dependencies = (
			);
			name = Psychologist;
			productName = Psychologist;
			productReference = 6F27F4D81527B42900E60D94 /* Psychologist.app */;
			productType = "com.apple.product-type.application";
		};
/* End PBXNativeTarget section */

/* Begin PBXProject section */
		6F27F4CF1527B42900E60D94 /* Project object */ = {
			isa = PBXProject;
			attributes = {
				CLASSPREFIX = Psychologist;
				LastUpgradeCheck = 0430;
			};
			buildConfigurationList = 6F27F4D21527B42900E60D94 /* Build configuration list for PBXProject "Psychologist" */;
			compatibilityVersion = "Xcode 3.2";
			developmentRegion = English;
			hasScannedForEncodings = 0;
			knownRegions = (
				en,
			);
			mainGroup = 6F27F4CD1527B42900E60D94;
			productRefGroup = 6F27F4D91527B42900E60D94 /* Products */;
			projectDirPath = "";
			projectRoot = "";
			targets = (
				6F27F4D71527B42900E60D94 /* Psychologist */,
			);
		};
/* End PBXProject section */

/* Begin PBXResourcesBuildPhase section */
		6F27F4D61527B42900E60D94 /* Resources */ = {
			isa = PBXResourcesBuildPhase;
			buildActionMask = 2147483647;
			files = (
				6F27F4E71527B42900E60D94 /* InfoPlist.strings in Resources */,
				6F27F4F01527B42900E60D94 /* MainStoryboard.storyboard in Resources */,
			);
			runOnlyForDeploymentPostprocessing = 0;
		};
/* End PBXResourcesBuildPhase section */

/* Begin PBXSourcesBuildPhase section */
		6F27F4D41527B42900E60D94 /* Sources */ = {
			isa = PBXSourcesBuildPhase;
			buildActionMask = 2147483647;
			files = (
				6F27F4E91527B42900E60D94 /* main.m in Sources */,
				6F27F4ED1527B42900E60D94 /* PsychologistAppDelegate.m in Sources */,
				6F27F4F31527B42900E60D94 /* PsychologistViewController.m in Sources */,
				6F27F4FD1527BAA300E60D94 /* FaceView.m in Sources */,
				6F27F4FE1527BAA300E60D94 /* HappinessViewController.m in Sources */,
			);
			runOnlyForDeploymentPostprocessing = 0;
		};
/* End PBXSourcesBuildPhase section */

/* Begin PBXVariantGroup section */
		6F27F4E51527B42900E60D94 /* InfoPlist.strings */ = {
			isa = PBXVariantGroup;
			children = (
				6F27F4E61527B42900E60D94 /* en */,
			);
			name = InfoPlist.strings;
			sourceTree = "<group>";
		};
		6F27F4EE1527B42900E60D94 /* MainStoryboard.storyboard */ = {
			isa = PBXVariantGroup;
			children = (
				6F27F4EF1527B42900E60D94 /* en */,
			);
			name = MainStoryboard.storyboard;
			sourceTree = "<group>";
		};
/* End PBXVariantGroup section */

/* Begin XCBuildConfiguration section */
		6F27F4F41527B42900E60D94 /* Debug */ = {
			isa = XCBuildConfiguration;
			buildSettings = {
				ALWAYS_SEARCH_USER_PATHS = NO;
				ARCHS = "$(ARCHS_STANDARD_32_BIT)";
				CLANG_ENABLE_OBJC_ARC = YES;
				"CODE_SIGN_IDENTITY[sdk=iphoneos*]" = "iPhone Developer";
				COPY_PHASE_STRIP = NO;
				GCC_C_LANGUAGE_STANDARD = gnu99;
				GCC_DYNAMIC_NO_PIC = NO;
				GCC_OPTIMIZATION_LEVEL = 0;
				GCC_PREPROCESSOR_DEFINITIONS = (
					"DEBUG=1",
					"$(inherited)",
				);
				GCC_SYMBOLS_PRIVATE_EXTERN = NO;
				GCC_VERSION = com.apple.compilers.llvm.clang.1_0;
				GCC_WARN_ABOUT_RETURN_TYPE = YES;
				GCC_WARN_UNINITIALIZED_AUTOS = YES;
				GCC_WARN_UNUSED_VARIABLE = YES;
				IPHONEOS_DEPLOYMENT_TARGET = 5.1;
				SDKROOT = iphoneos;
			};
			name = Debug;
		};
		6F27F4F51527B42900E60D94 /* Release */ = {
			isa = XCBuildConfiguration;
			buildSettings = {
				ALWAYS_SEARCH_USER_PATHS = NO;
				ARCHS = "$(ARCHS_STANDARD_32_BIT)";
				CLANG_ENABLE_OBJC_ARC = YES;
				"CODE_SIGN_IDENTITY[sdk=iphoneos*]" = "iPhone Developer";
				COPY_PHASE_STRIP = YES;
				GCC_C_LANGUAGE_STANDARD = gnu99;
				GCC_VERSION = com.apple.compilers.llvm.clang.1_0;
				GCC_WARN_ABOUT_RETURN_TYPE = YES;
				GCC_WARN_UNINITIALIZED_AUTOS = YES;
				GCC_WARN_UNUSED_VARIABLE = YES;
				IPHONEOS_DEPLOYMENT_TARGET = 5.1;
				OTHER_CFLAGS = "-DNS_BLOCK_ASSERTIONS=1";
				SDKROOT = iphoneos;
				VALIDATE_PRODUCT = YES;
			};
			name = Release;
		};
		6F27F4F71527B42900E60D94 /* Debug */ = {
			isa = XCBuildConfiguration;
			buildSettings = {
				GCC_PRECOMPILE_PREFIX_HEADER = YES;
				GCC_PREFIX_HEADER = "Psychologist/Psychologist-Prefix.pch";
				INFOPLIST_FILE = "Psychologist/Psychologist-Info.plist";
				PRODUCT_NAME = "$(TARGET_NAME)";
				WRAPPER_EXTENSION = app;
			};
			name = Debug;
		};
		6F27F4F81527B42900E60D94 /* Release */ = {
			isa = XCBuildConfiguration;
			buildSettings = {
				GCC_PRECOMPILE_PREFIX_HEADER = YES;
				GCC_PREFIX_HEADER = "Psychologist/Psychologist-Prefix.pch";
				INFOPLIST_FILE = "Psychologist/Psychologist-Info.plist";
				PRODUCT_NAME = "$(TARGET_NAME)";
				WRAPPER_EXTENSION = app;
			};
			name = Release;
		};
/* End XCBuildConfiguration section */

/* Begin XCConfigurationList section */
		6F27F4D21527B42900E60D94 /* Build configuration list for PBXProject "Psychologist" */ = {
			isa = XCConfigurationList;
			buildConfigurations = (
				6F27F4F41527B42900E60D94 /* Debug */,
				6F27F4F51527B42900E60D94 /* Release */,
			);
			defaultConfigurationIsVisible = 0;
			defaultConfigurationName = Release;
		};
		6F27F4F61527B42900E60D94 /* Build configuration list for PBXNativeTarget "Psychologist" */ = {
			isa = XCConfigurationList;
			buildConfigurations = (
				6F27F4F71527B42900E60D94 /* Debug */,
				6F27F4F81527B42900E60D94 /* Release */,
			);
			defaultConfigurationIsVisible = 0;
		};
/* End XCConfigurationList section */
	};
	rootObject = 6F27F4CF1527B42900E60D94 /* Project object */;
}
