// !$*UTF8*$!
{
	archiveVersion = 1;
	classes = {
	};
	objectVersion = 46;
	objects = {

/* Begin PBXBuildFile section */
		6F67E045151628EA00D8BE6D /* UIKit.framework in Frameworks */ = {isa = PBXBuildFile; fileRef = 6F67E044151628EA00D8BE6D /* UIKit.framework */; };
		6F67E047151628EA00D8BE6D /* Foundation.framework in Frameworks */ = {isa = PBXBuildFile; fileRef = 6F67E046151628EA00D8BE6D /* Foundation.framework */; };
		6F67E049151628EA00D8BE6D /* CoreGraphics.framework in Frameworks */ = {isa = PBXBuildFile; fileRef = 6F67E048151628EA00D8BE6D /* CoreGraphics.framework */; };
		6F67E04F151628EA00D8BE6D /* InfoPlist.strings in Resources */ = {isa = PBXBuildFile; fileRef = 6F67E04D151628EA00D8BE6D /* InfoPlist.strings */; };
		6F67E051151628EA00D8BE6D /* main.m in Sources */ = {isa = PBXBuildFile; fileRef = 6F67E050151628EA00D8BE6D /* main.m */; };
		6F67E055151628EA00D8BE6D /* CalculatorAppDelegate.m in Sources */ = {isa = PBXBuildFile; fileRef = 6F67E054151628EA00D8BE6D /* CalculatorAppDelegate.m */; };
		6F67E058151628EA00D8BE6D /* MainStoryboard.storyboard in Resources */ = {isa = PBXBuildFile; fileRef = 6F67E056151628EA00D8BE6D /* MainStoryboard.storyboard */; };
		6F67E05B151628EA00D8BE6D /* CalculatorViewController.m in Sources */ = {isa = PBXBuildFile; fileRef = 6F67E05A151628EA00D8BE6D /* CalculatorViewController.m */; };
		6F67E06315163C9200D8BE6D /* CalculatorBrain.m in Sources */ = {isa = PBXBuildFile; fileRef = 6F67E06215163C9200D8BE6D /* CalculatorBrain.m */; };
/* End PBXBuildFile section */

/* Begin PBXFileReference section */
		6F67E040151628EA00D8BE6D /* Calculator.app */ = {isa = PBXFileReference; explicitFileType = wrapper.application; includeInIndex = 0; path = Calculator.app; sourceTree = BUILT_PRODUCTS_DIR; };
		6F67E044151628EA00D8BE6D /* UIKit.framework */ = {isa = PBXFileReference; lastKnownFileType = wrapper.framework; name = UIKit.framework; path = System/Library/Frameworks/UIKit.framework; sourceTree = SDKROOT; };
		6F67E046151628EA00D8BE6D /* Foundation.framework */ = {isa = PBXFileReference; lastKnownFileType = wrapper.framework; name = Foundation.framework; path = System/Library/Frameworks/Foundation.framework; sourceTree = SDKROOT; };
		6F67E048151628EA00D8BE6D /* CoreGraphics.framework */ = {isa = PBXFileReference; lastKnownFileType = wrapper.framework; name = CoreGraphics.framework; path = System/Library/Frameworks/CoreGraphics.framework; sourceTree = SDKROOT; };
		6F67E04C151628EA00D8BE6D /* Calculator-Info.plist */ = {isa = PBXFileReference; lastKnownFileType = text.plist.xml; path = "Calculator-Info.plist"; sourceTree = "<group>"; };
		6F67E04E151628EA00D8BE6D /* en */ = {isa = PBXFileReference; lastKnownFileType = text.plist.strings; name = en; path = en.lproj/InfoPlist.strings; sourceTree = "<group>"; };
		6F67E050151628EA00D8BE6D /* main.m */ = {isa = PBXFileReference; lastKnownFileType = sourcecode.c.objc; path = main.m; sourceTree = "<group>"; };
		6F67E052151628EA00D8BE6D /* Calculator-Prefix.pch */ = {isa = PBXFileReference; lastKnownFileType = sourcecode.c.h; path = "Calculator-Prefix.pch"; sourceTree = "<group>"; };
		6F67E053151628EA00D8BE6D /* CalculatorAppDelegate.h */ = {isa = PBXFileReference; lastKnownFileType = sourcecode.c.h; path = CalculatorAppDelegate.h; sourceTree = "<group>"; };
		6F67E054151628EA00D8BE6D /* CalculatorAppDelegate.m */ = {isa = PBXFileReference; lastKnownFileType = sourcecode.c.objc; path = CalculatorAppDelegate.m; sourceTree = "<group>"; };
		6F67E057151628EA00D8BE6D /* en */ = {isa = PBXFileReference; lastKnownFileType = file.storyboard; name = en; path = en.lproj/MainStoryboard.storyboard; sourceTree = "<group>"; };
		6F67E059151628EA00D8BE6D /* CalculatorViewController.h */ = {isa = PBXFileReference; lastKnownFileType = sourcecode.c.h; path = CalculatorViewController.h; sourceTree = "<group>"; };
		6F67E05A151628EA00D8BE6D /* CalculatorViewController.m */ = {isa = PBXFileReference; lastKnownFileType = sourcecode.c.objc; path = CalculatorViewController.m; sourceTree = "<group>"; };
		6F67E06115163C9200D8BE6D /* CalculatorBrain.h */ = {isa = PBXFileReference; fileEncoding = 4; lastKnownFileType = sourcecode.c.h; path = CalculatorBrain.h; sourceTree = "<group>"; };
		6F67E06215163C9200D8BE6D /* CalculatorBrain.m */ = {isa = PBXFileReference; fileEncoding = 4; lastKnownFileType = sourcecode.c.objc; path = CalculatorBrain.m; sourceTree = "<group>"; };
/* End PBXFileReference section */

/* Begin PBXFrameworksBuildPhase section */
		6F67E03D151628EA00D8BE6D /* Frameworks */ = {
			isa = PBXFrameworksBuildPhase;
			buildActionMask = 2147483647;
			files = (
				6F67E045151628EA00D8BE6D /* UIKit.framework in Frameworks */,
				6F67E047151628EA00D8BE6D /* Foundation.framework in Frameworks */,
				6F67E049151628EA00D8BE6D /* CoreGraphics.framework in Frameworks */,
			);
			runOnlyForDeploymentPostprocessing = 0;
		};
/* End PBXFrameworksBuildPhase section */

/* Begin PBXGroup section */
		6F67E035151628EA00D8BE6D = {
			isa = PBXGroup;
			children = (
				6F67E04A151628EA00D8BE6D /* Calculator */,
				6F67E043151628EA00D8BE6D /* Frameworks */,
				6F67E041151628EA00D8BE6D /* Products */,
			);
			sourceTree = "<group>";
		};
		6F67E041151628EA00D8BE6D /* Products */ = {
			isa = PBXGroup;
			children = (
				6F67E040151628EA00D8BE6D /* Calculator.app */,
			);
			name = Products;
			sourceTree = "<group>";
		};
		6F67E043151628EA00D8BE6D /* Frameworks */ = {
			isa = PBXGroup;
			children = (
				6F67E044151628EA00D8BE6D /* UIKit.framework */,
				6F67E046151628EA00D8BE6D /* Foundation.framework */,
				6F67E048151628EA00D8BE6D /* CoreGraphics.framework */,
			);
			name = Frameworks;
			sourceTree = "<group>";
		};
		6F67E04A151628EA00D8BE6D /* Calculator */ = {
			isa = PBXGroup;
			children = (
				6F67E053151628EA00D8BE6D /* CalculatorAppDelegate.h */,
				6F67E054151628EA00D8BE6D /* CalculatorAppDelegate.m */,
				6F67E056151628EA00D8BE6D /* MainStoryboard.storyboard */,
				6F67E06115163C9200D8BE6D /* CalculatorBrain.h */,
				6F67E06215163C9200D8BE6D /* CalculatorBrain.m */,
				6F67E059151628EA00D8BE6D /* CalculatorViewController.h */,
				6F67E05A151628EA00D8BE6D /* CalculatorViewController.m */,
				6F67E04B151628EA00D8BE6D /* Supporting Files */,
			);
			path = Calculator;
			sourceTree = "<group>";
		};
		6F67E04B151628EA00D8BE6D /* Supporting Files */ = {
			isa = PBXGroup;
			children = (
				6F67E04C151628EA00D8BE6D /* Calculator-Info.plist */,
				6F67E04D151628EA00D8BE6D /* InfoPlist.strings */,
				6F67E050151628EA00D8BE6D /* main.m */,
				6F67E052151628EA00D8BE6D /* Calculator-Prefix.pch */,
			);
			name = "Supporting Files";
			sourceTree = "<group>";
		};
/* End PBXGroup section */

/* Begin PBXNativeTarget section */
		6F67E03F151628EA00D8BE6D /* Calculator */ = {
			isa = PBXNativeTarget;
			buildConfigurationList = 6F67E05E151628EA00D8BE6D /* Build configuration list for PBXNativeTarget "Calculator" */;
			buildPhases = (
				6F67E03C151628EA00D8BE6D /* Sources */,
				6F67E03D151628EA00D8BE6D /* Frameworks */,
				6F67E03E151628EA00D8BE6D /* Resources */,
			);
			buildRules = (
			);
			dependencies = (
			);
			name = Calculator;
			productName = Calculator;
			productReference = 6F67E040151628EA00D8BE6D /* Calculator.app */;
			productType = "com.apple.product-type.application";
		};
/* End PBXNativeTarget section */

/* Begin PBXProject section */
		6F67E037151628EA00D8BE6D /* Project object */ = {
			isa = PBXProject;
			attributes = {
				LastUpgradeCheck = 0420;
			};
			buildConfigurationList = 6F67E03A151628EA00D8BE6D /* Build configuration list for PBXProject "Calculator" */;
			compatibilityVersion = "Xcode 3.2";
			developmentRegion = English;
			hasScannedForEncodings = 0;
			knownRegions = (
				en,
			);
			mainGroup = 6F67E035151628EA00D8BE6D;
			productRefGroup = 6F67E041151628EA00D8BE6D /* Products */;
			projectDirPath = "";
			projectRoot = "";
			targets = (
				6F67E03F151628EA00D8BE6D /* Calculator */,
			);
		};
/* End PBXProject section */

/* Begin PBXResourcesBuildPhase section */
		6F67E03E151628EA00D8BE6D /* Resources */ = {
			isa = PBXResourcesBuildPhase;
			buildActionMask = 2147483647;
			files = (
				6F67E04F151628EA00D8BE6D /* InfoPlist.strings in Resources */,
				6F67E058151628EA00D8BE6D /* MainStoryboard.storyboard in Resources */,
			);
			runOnlyForDeploymentPostprocessing = 0;
		};
/* End PBXResourcesBuildPhase section */

/* Begin PBXSourcesBuildPhase section */
		6F67E03C151628EA00D8BE6D /* Sources */ = {
			isa = PBXSourcesBuildPhase;
			buildActionMask = 2147483647;
			files = (
				6F67E051151628EA00D8BE6D /* main.m in Sources */,
				6F67E055151628EA00D8BE6D /* CalculatorAppDelegate.m in Sources */,
				6F67E05B151628EA00D8BE6D /* CalculatorViewController.m in Sources */,
				6F67E06315163C9200D8BE6D /* CalculatorBrain.m in Sources */,
			);
			runOnlyForDeploymentPostprocessing = 0;
		};
/* End PBXSourcesBuildPhase section */

/* Begin PBXVariantGroup section */
		6F67E04D151628EA00D8BE6D /* InfoPlist.strings */ = {
			isa = PBXVariantGroup;
			children = (
				6F67E04E151628EA00D8BE6D /* en */,
			);
			name = InfoPlist.strings;
			sourceTree = "<group>";
		};
		6F67E056151628EA00D8BE6D /* MainStoryboard.storyboard */ = {
			isa = PBXVariantGroup;
			children = (
				6F67E057151628EA00D8BE6D /* en */,
			);
			name = MainStoryboard.storyboard;
			sourceTree = "<group>";
		};
/* End PBXVariantGroup section */

/* Begin XCBuildConfiguration section */
		6F67E05C151628EA00D8BE6D /* Debug */ = {
			isa = XCBuildConfiguration;
			buildSettings = {
				ALWAYS_SEARCH_USER_PATHS = NO;
				ARCHS = "$(ARCHS_STANDARD_32_BIT)";
				CLANG_ENABLE_OBJC_ARC = YES;
				"CODE_SIGN_IDENTITY[sdk=iphoneos*]" = "iPhone Developer";
				COPY_PHASE_STRIP = NO;
				GCC_C_LANGUAGE_STANDARD = gnu99;
				GCC_DYNAMIC_NO_PIC = NO;
				GCC_OPTIMIZATION_LEVEL = 0;
				GCC_PREPROCESSOR_DEFINITIONS = (
					"DEBUG=1",
					"$(inherited)",
				);
				GCC_SYMBOLS_PRIVATE_EXTERN = NO;
				GCC_VERSION = com.apple.compilers.llvm.clang.1_0;
				GCC_WARN_ABOUT_MISSING_PROTOTYPES = YES;
				GCC_WARN_ABOUT_RETURN_TYPE = YES;
				GCC_WARN_UNUSED_VARIABLE = YES;
				IPHONEOS_DEPLOYMENT_TARGET = 5.0;
				SDKROOT = iphoneos;
			};
			name = Debug;
		};
		6F67E05D151628EA00D8BE6D /* Release */ = {
			isa = XCBuildConfiguration;
			buildSettings = {
				ALWAYS_SEARCH_USER_PATHS = NO;
				ARCHS = "$(ARCHS_STANDARD_32_BIT)";
				CLANG_ENABLE_OBJC_ARC = YES;
				"CODE_SIGN_IDENTITY[sdk=iphoneos*]" = "iPhone Developer";
				COPY_PHASE_STRIP = YES;
				GCC_C_LANGUAGE_STANDARD = gnu99;
				GCC_VERSION = com.apple.compilers.llvm.clang.1_0;
				GCC_WARN_ABOUT_MISSING_PROTOTYPES = YES;
				GCC_WARN_ABOUT_RETURN_TYPE = YES;
				GCC_WARN_UNUSED_VARIABLE = YES;
				IPHONEOS_DEPLOYMENT_TARGET = 5.0;
				OTHER_CFLAGS = "-DNS_BLOCK_ASSERTIONS=1";
				SDKROOT = iphoneos;
				VALIDATE_PRODUCT = YES;
			};
			name = Release;
		};
		6F67E05F151628EA00D8BE6D /* Debug */ = {
			isa = XCBuildConfiguration;
			buildSettings = {
				GCC_PRECOMPILE_PREFIX_HEADER = YES;
				GCC_PREFIX_HEADER = "Calculator/Calculator-Prefix.pch";
				INFOPLIST_FILE = "Calculator/Calculator-Info.plist";
				PRODUCT_NAME = "$(TARGET_NAME)";
				WRAPPER_EXTENSION = app;
			};
			name = Debug;
		};
		6F67E060151628EA00D8BE6D /* Release */ = {
			isa = XCBuildConfiguration;
			buildSettings = {
				GCC_PRECOMPILE_PREFIX_HEADER = YES;
				GCC_PREFIX_HEADER = "Calculator/Calculator-Prefix.pch";
				INFOPLIST_FILE = "Calculator/Calculator-Info.plist";
				PRODUCT_NAME = "$(TARGET_NAME)";
				WRAPPER_EXTENSION = app;
			};
			name = Release;
		};
/* End XCBuildConfiguration section */

/* Begin XCConfigurationList section */
		6F67E03A151628EA00D8BE6D /* Build configuration list for PBXProject "Calculator" */ = {
			isa = XCConfigurationList;
			buildConfigurations = (
				6F67E05C151628EA00D8BE6D /* Debug */,
				6F67E05D151628EA00D8BE6D /* Release */,
			);
			defaultConfigurationIsVisible = 0;
			defaultConfigurationName = Release;
		};
		6F67E05E151628EA00D8BE6D /* Build configuration list for PBXNativeTarget "Calculator" */ = {
			isa = XCConfigurationList;
			buildConfigurations = (
				6F67E05F151628EA00D8BE6D /* Debug */,
				6F67E060151628EA00D8BE6D /* Release */,
			);
			defaultConfigurationIsVisible = 0;
		};
/* End XCConfigurationList section */
	};
	rootObject = 6F67E037151628EA00D8BE6D /* Project object */;
}
